
Microsoft Visual Studio Solution File, Format Version 12.00
# Visual Studio Version 17
VisualStudioVersion = 17.0.31423.177
MinimumVisualStudioVersion = 10.0.40219.1
Project("{8BC9CEB8-8B4A-11D0-8D11-00A0C91BC942}") = "ResWolf", "ResWolf.vcxproj", "{D165F1AA-F295-4E28-B98D-B40D7A316557}"
EndProject
Project("{8BC9CEB8-8B4A-11D0-8D11-00A0C91BC942}") = "ResWolfTest", "..\ResWolfTest\ResWolfTest.vcxproj", "{854D1FF7-EE0C-499A-9125-62C341515435}"
EndProject
Project("{9A19103F-16F7-4668-BE54-9A1E7A4F7556}") = "EntGen", "Tools\EntGen\EntGen\EntGen.csproj", "{EA5D1F04-D3D7-4B48-82EF-4ABED757D1D3}"
EndProject
Project("{9A19103F-16F7-4668-BE54-9A1E7A4F7556}") = "Edward", "Tools\Edward\Edward.csproj", "{0C6A7838-BC1D-4CF8-893B-2F64B64FDC7F}"
EndProject
Global
	GlobalSection(SolutionConfigurationPlatforms) = preSolution
		Debug|Any CPU = Debug|Any CPU
		Debug|x64 = Debug|x64
		Debug|x86 = Debug|x86
		Release|Any CPU = Release|Any CPU
		Release|x64 = Release|x64
		Release|x86 = Release|x86
	EndGlobalSection
	GlobalSection(ProjectConfigurationPlatforms) = postSolution
		{D165F1AA-F295-4E28-B98D-B40D7A316557}.Debug|Any CPU.ActiveCfg = Debug|Win32
		{D165F1AA-F295-4E28-B98D-B40D7A316557}.Debug|x64.ActiveCfg = Debug|x64
		{D165F1AA-F295-4E28-B98D-B40D7A316557}.Debug|x64.Build.0 = Debug|x64
		{D165F1AA-F295-4E28-B98D-B40D7A316557}.Debug|x86.ActiveCfg = Debug|Win32
		{D165F1AA-F295-4E28-B98D-B40D7A316557}.Debug|x86.Build.0 = Debug|Win32
		{D165F1AA-F295-4E28-B98D-B40D7A316557}.Release|Any CPU.ActiveCfg = Release|Win32
		{D165F1AA-F295-4E28-B98D-B40D7A316557}.Release|x64.ActiveCfg = Release|x64
		{D165F1AA-F295-4E28-B98D-B40D7A316557}.Release|x64.Build.0 = Release|x64
		{D165F1AA-F295-4E28-B98D-B40D7A316557}.Release|x86.ActiveCfg = Release|Win32
		{D165F1AA-F295-4E28-B98D-B40D7A316557}.Release|x86.Build.0 = Release|Win32
		{854D1FF7-EE0C-499A-9125-62C341515435}.Debug|Any CPU.ActiveCfg = Debug|Win32
		{854D1FF7-EE0C-499A-9125-62C341515435}.Debug|x64.ActiveCfg = Debug|x64
		{854D1FF7-EE0C-499A-9125-62C341515435}.Debug|x64.Build.0 = Debug|x64
		{854D1FF7-EE0C-499A-9125-62C341515435}.Debug|x86.ActiveCfg = Debug|Win32
		{854D1FF7-EE0C-499A-9125-62C341515435}.Debug|x86.Build.0 = Debug|Win32
		{854D1FF7-EE0C-499A-9125-62C341515435}.Release|Any CPU.ActiveCfg = Release|Win32
		{854D1FF7-EE0C-499A-9125-62C341515435}.Release|x64.ActiveCfg = Release|x64
		{854D1FF7-EE0C-499A-9125-62C341515435}.Release|x64.Build.0 = Release|x64
		{854D1FF7-EE0C-499A-9125-62C341515435}.Release|x86.ActiveCfg = Release|Win32
		{854D1FF7-EE0C-499A-9125-62C341515435}.Release|x86.Build.0 = Release|Win32
		{EA5D1F04-D3D7-4B48-82EF-4ABED757D1D3}.Debug|Any CPU.ActiveCfg = Debug|Any CPU
		{EA5D1F04-D3D7-4B48-82EF-4ABED757D1D3}.Debug|Any CPU.Build.0 = Debug|Any CPU
		{EA5D1F04-D3D7-4B48-82EF-4ABED757D1D3}.Debug|x64.ActiveCfg = Debug|Any CPU
		{EA5D1F04-D3D7-4B48-82EF-4ABED757D1D3}.Debug|x64.Build.0 = Debug|Any CPU
		{EA5D1F04-D3D7-4B48-82EF-4ABED757D1D3}.Debug|x86.ActiveCfg = Debug|Any CPU
		{EA5D1F04-D3D7-4B48-82EF-4ABED757D1D3}.Debug|x86.Build.0 = Debug|Any CPU
		{EA5D1F04-D3D7-4B48-82EF-4ABED757D1D3}.Release|Any CPU.ActiveCfg = Release|Any CPU
		{EA5D1F04-D3D7-4B48-82EF-4ABED757D1D3}.Release|Any CPU.Build.0 = Release|Any CPU
		{EA5D1F04-D3D7-4B48-82EF-4ABED757D1D3}.Release|x64.ActiveCfg = Release|Any CPU
		{EA5D1F04-D3D7-4B48-82EF-4ABED757D1D3}.Release|x64.Build.0 = Release|Any CPU
		{EA5D1F04-D3D7-4B48-82EF-4ABED757D1D3}.Release|x86.ActiveCfg = Release|Any CPU
		{EA5D1F04-D3D7-4B48-82EF-4ABED757D1D3}.Release|x86.Build.0 = Release|Any CPU
		{0C6A7838-BC1D-4CF8-893B-2F64B64FDC7F}.Debug|Any CPU.ActiveCfg = Debug|Any CPU
		{0C6A7838-BC1D-4CF8-893B-2F64B64FDC7F}.Debug|Any CPU.Build.0 = Debug|Any CPU
		{0C6A7838-BC1D-4CF8-893B-2F64B64FDC7F}.Debug|x64.ActiveCfg = Debug|Any CPU
		{0C6A7838-BC1D-4CF8-893B-2F64B64FDC7F}.Debug|x64.Build.0 = Debug|Any CPU
		{0C6A7838-BC1D-4CF8-893B-2F64B64FDC7F}.Debug|x86.ActiveCfg = Debug|Any CPU
		{0C6A7838-BC1D-4CF8-893B-2F64B64FDC7F}.Debug|x86.Build.0 = Debug|Any CPU
		{0C6A7838-BC1D-4CF8-893B-2F64B64FDC7F}.Release|Any CPU.ActiveCfg = Release|Any CPU
		{0C6A7838-BC1D-4CF8-893B-2F64B64FDC7F}.Release|Any CPU.Build.0 = Release|Any CPU
		{0C6A7838-BC1D-4CF8-893B-2F64B64FDC7F}.Release|x64.ActiveCfg = Release|Any CPU
		{0C6A7838-BC1D-4CF8-893B-2F64B64FDC7F}.Release|x64.Build.0 = Release|Any CPU
		{0C6A7838-BC1D-4CF8-893B-2F64B64FDC7F}.Release|x86.ActiveCfg = Release|Any CPU
		{0C6A7838-BC1D-4CF8-893B-2F64B64FDC7F}.Release|x86.Build.0 = Release|Any CPU
	EndGlobalSection
	GlobalSection(SolutionProperties) = preSolution
		HideSolutionNode = FALSE
	EndGlobalSection
	GlobalSection(ExtensibilityGlobals) = postSolution
		SolutionGuid = {A017C936-4B3B-4212-BC36-266CB0B80F26}
	EndGlobalSection
EndGlobal
